
Microsoft Visual Studio Solution File, Format Version 12.00
# Visual Studio 15
VisualStudioVersion = 15.0.26730.16
MinimumVisualStudioVersion = 10.0.40219.1
Project("{FAE04EC0-301F-11D3-BF4B-00C04F79EFBC}") = "VirusTotal-Test", "VirusTotal-Test\VirusTotal-Test.csproj", "{34885EEB-6F43-43CE-86C8-BE6D6B31B713}"
EndProject
Project("{2150E333-8FDC-42A3-9474-1A3956D46DE8}") = "TestFiles", "TestFiles", "{B022353E-51D4-47D8-996D-E90CBBF94419}"
EndProject
Global
	GlobalSection(SolutionConfigurationPlatforms) = preSolution
		Debug|Any CPU = Debug|Any CPU
		Release|Any CPU = Release|Any CPU
	EndGlobalSection
	GlobalSection(ProjectConfigurationPlatforms) = postSolution
		{34885EEB-6F43-43CE-86C8-BE6D6B31B713}.Debug|Any CPU.ActiveCfg = Debug|Any CPU
		{34885EEB-6F43-43CE-86C8-BE6D6B31B713}.Debug|Any CPU.Build.0 = Debug|Any CPU
		{34885EEB-6F43-43CE-86C8-BE6D6B31B713}.Release|Any CPU.ActiveCfg = Release|Any CPU
		{34885EEB-6F43-43CE-86C8-BE6D6B31B713}.Release|Any CPU.Build.0 = Release|Any CPU
	EndGlobalSection
	GlobalSection(SolutionProperties) = preSolution
		HideSolutionNode = FALSE
	EndGlobalSection
	GlobalSection(ExtensibilityGlobals) = postSolution
		SolutionGuid = {6DE9D854-AFF0-4A1B-BDDB-D08EE3FF3E71}
	EndGlobalSection
EndGlobal
